
Microsoft Visual Studio Solution File, Format Version 12.00
# Visual Studio Version 17
VisualStudioVersion = 17.7.34221.43
MinimumVisualStudioVersion = 10.0.40219.1
Project("{888888A0-9F3D-457C-B088-3A5042F75D52}") = "J A R V IS.01 interface", "J A R V IS.01 interface\J A R V IS.01 interface.pyproj", "{80EF6FBA-C02E-4872-AD99-0F3D6BC6A341}"
EndProject
Global
	GlobalSection(SolutionConfigurationPlatforms) = preSolution
		Debug|Any CPU = Debug|Any CPU
		Release|Any CPU = Release|Any CPU
	EndGlobalSection
	GlobalSection(ProjectConfigurationPlatforms) = postSolution
		{80EF6FBA-C02E-4872-AD99-0F3D6BC6A341}.Debug|Any CPU.ActiveCfg = Debug|Any CPU
		{80EF6FBA-C02E-4872-AD99-0F3D6BC6A341}.Release|Any CPU.ActiveCfg = Release|Any CPU
	EndGlobalSection
	GlobalSection(SolutionProperties) = preSolution
		HideSolutionNode = FALSE
	EndGlobalSection
	GlobalSection(ExtensibilityGlobals) = postSolution
		SolutionGuid = {AB3FE481-5AF7-424C-8E44-FD3F98E25EA1}
	EndGlobalSection
EndGlobal
